{
  "name": "sails-hook-validation-ev",
  "version": "0.0.1",
  "lockfileVersion": 1,
  "requires": true,
  "dependencies": {
    "express-validator": {
      "version": "5.3.0",
      "resolved": "https://registry.npmjs.org/express-validator/-/express-validator-5.3.0.tgz",
      "integrity": "sha512-HYVtPt21zp2bHS4+xwxYNF63dlq/23kh+ZRVfyo7SBObhOpRyZ0vWolm/v9KPUfCyLqX8j7ZP42dbB0MWjCCcA==",
      "requires": {
        "lodash": "^4.17.10",
        "validator": "^10.4.0"
      }
    },
    "lodash": {
      "version": "4.17.10",
      "resolved": "https://registry.npmjs.org/lodash/-/lodash-4.17.10.tgz",
      "integrity": "sha512-UejweD1pDoXu+AD825lWwp4ZGtSwgnpZxb3JDViD7StjQz+Nb/6l093lx4OQ0foGWNRoc19mWy7BzL+UAK2iVg=="
    },
    "validator": {
      "version": "10.7.0",
      "resolved": "https://registry.npmjs.org/validator/-/validator-10.7.0.tgz",
      "integrity": "sha512-7Z4kif6HeMLroCQZvh8lwCtmPOqBTkTkt5ibXtJR8sOkzWdjW+YIJOZUpPFlfq59zYvnpSPVd4UX5QYnSCLWgA=="
    }
  }
}
